
Microsoft Visual Studio Solution File, Format Version 12.00
# Visual Studio Version 17
VisualStudioVersion = 17.5.33530.505
MinimumVisualStudioVersion = 10.0.40219.1
Project("{FAE04EC0-301F-11D3-BF4B-00C04F79EFBC}") = "JournalReader", "JournalReader\JournalReader.csproj", "{CCD1712A-69E7-4E4A-A2D4-FF56D7725607}"
EndProject
Global
	GlobalSection(SolutionConfigurationPlatforms) = preSolution
		Debug|Any CPU = Debug|Any CPU
		Release|Any CPU = Release|Any CPU
	EndGlobalSection
	GlobalSection(ProjectConfigurationPlatforms) = postSolution
		{CCD1712A-69E7-4E4A-A2D4-FF56D7725607}.Debug|Any CPU.ActiveCfg = Debug|Any CPU
		{CCD1712A-69E7-4E4A-A2D4-FF56D7725607}.Debug|Any CPU.Build.0 = Debug|Any CPU
		{CCD1712A-69E7-4E4A-A2D4-FF56D7725607}.Release|Any CPU.ActiveCfg = Release|Any CPU
		{CCD1712A-69E7-4E4A-A2D4-FF56D7725607}.Release|Any CPU.Build.0 = Release|Any CPU
	EndGlobalSection
	GlobalSection(SolutionProperties) = preSolution
		HideSolutionNode = FALSE
	EndGlobalSection
	GlobalSection(ExtensibilityGlobals) = postSolution
		SolutionGuid = {CB47CB7A-F712-4569-81B5-4E43E3DB731A}
	EndGlobalSection
EndGlobal
